
Microsoft Visual Studio Solution File, Format Version 12.00
# Visual Studio Version 16
VisualStudioVersion = 16.0.30204.135
MinimumVisualStudioVersion = 10.0.40219.1
Project("{FAE04EC0-301F-11D3-BF4B-00C04F79EFBC}") = "StartDone.Analytics", "StartDone.Analytics\StartDone.Analytics.csproj", "{0852A1F0-79E1-4B35-A9B4-8395CEE370BE}"
EndProject
Global
	GlobalSection(SolutionConfigurationPlatforms) = preSolution
		Debug|Any CPU = Debug|Any CPU
		Release|Any CPU = Release|Any CPU
	EndGlobalSection
	GlobalSection(ProjectConfigurationPlatforms) = postSolution
		{0852A1F0-79E1-4B35-A9B4-8395CEE370BE}.Debug|Any CPU.ActiveCfg = Debug|Any CPU
		{0852A1F0-79E1-4B35-A9B4-8395CEE370BE}.Debug|Any CPU.Build.0 = Debug|Any CPU
		{0852A1F0-79E1-4B35-A9B4-8395CEE370BE}.Release|Any CPU.ActiveCfg = Release|Any CPU
		{0852A1F0-79E1-4B35-A9B4-8395CEE370BE}.Release|Any CPU.Build.0 = Release|Any CPU
	EndGlobalSection
	GlobalSection(SolutionProperties) = preSolution
		HideSolutionNode = FALSE
	EndGlobalSection
	GlobalSection(ExtensibilityGlobals) = postSolution
		SolutionGuid = {B002BA88-945B-44D9-84CC-D2A76E117AF3}
	EndGlobalSection
EndGlobal
